{
  "name": "similitude-hugo",
  "version": "0.1.0",
  "lockfileVersion": 2,
  "requires": true,
  "packages": {
    "": {
      "version": "0.1.0",
      "dependencies": {
        "@fontsource/source-code-pro": "latest"
      }
    },
    "node_modules/@fontsource/source-code-pro": {
      "version": "4.5.12",
      "resolved": "https://registry.npmjs.org/@fontsource/source-code-pro/-/source-code-pro-4.5.12.tgz",
      "integrity": "sha512-6r1dykX7SH1Orm7xUh4sA8pjM1uNPKo9fV+y9/wxS+y/fwN+sMf6b1jHDUTmfEtw1OxlTaHGrr2I7dGeNqxdPA=="
    }
  },
  "dependencies": {
    "@fontsource/source-code-pro": {
      "version": "4.5.12",
      "resolved": "https://registry.npmjs.org/@fontsource/source-code-pro/-/source-code-pro-4.5.12.tgz",
      "integrity": "sha512-6r1dykX7SH1Orm7xUh4sA8pjM1uNPKo9fV+y9/wxS+y/fwN+sMf6b1jHDUTmfEtw1OxlTaHGrr2I7dGeNqxdPA=="
    }
  }
}
